
Microsoft Visual Studio Solution File, Format Version 12.00
# Visual Studio Version 17
VisualStudioVersion = 17.4.33205.214
MinimumVisualStudioVersion = 10.0.40219.1
Project("{9A19103F-16F7-4668-BE54-9A1E7A4F7556}") = "MultiPrecisionCurveFitting", "MultiPrecisionCurveFitting\MultiPrecisionCurveFitting.csproj", "{D96585D6-16FF-48E6-AEE8-2E3AD000DFDA}"
EndProject
Project("{9A19103F-16F7-4668-BE54-9A1E7A4F7556}") = "MultiPrecisionCurveFittingTest", "MultiPrecisionCurveFittingTest\MultiPrecisionCurveFittingTest.csproj", "{54B99892-7A5E-4E6B-A907-E6DBF5D334F0}"
	ProjectSection(ProjectDependencies) = postProject
		{D96585D6-16FF-48E6-AEE8-2E3AD000DFDA} = {D96585D6-16FF-48E6-AEE8-2E3AD000DFDA}
	EndProjectSection
EndProject
Project("{FAE04EC0-301F-11D3-BF4B-00C04F79EFBC}") = "MultiPrecisionCurveFittingSandbox", "MultiPrecisionCurveFittingSandbox\MultiPrecisionCurveFittingSandbox.csproj", "{9EBD8CAA-4258-448B-BCBF-5E833E38A25F}"
	ProjectSection(ProjectDependencies) = postProject
		{D96585D6-16FF-48E6-AEE8-2E3AD000DFDA} = {D96585D6-16FF-48E6-AEE8-2E3AD000DFDA}
	EndProjectSection
EndProject
Global
	GlobalSection(SolutionConfigurationPlatforms) = preSolution
		Debug|Any CPU = Debug|Any CPU
		Release|Any CPU = Release|Any CPU
	EndGlobalSection
	GlobalSection(ProjectConfigurationPlatforms) = postSolution
		{D96585D6-16FF-48E6-AEE8-2E3AD000DFDA}.Debug|Any CPU.ActiveCfg = Debug|Any CPU
		{D96585D6-16FF-48E6-AEE8-2E3AD000DFDA}.Debug|Any CPU.Build.0 = Debug|Any CPU
		{D96585D6-16FF-48E6-AEE8-2E3AD000DFDA}.Release|Any CPU.ActiveCfg = Release|Any CPU
		{D96585D6-16FF-48E6-AEE8-2E3AD000DFDA}.Release|Any CPU.Build.0 = Release|Any CPU
		{54B99892-7A5E-4E6B-A907-E6DBF5D334F0}.Debug|Any CPU.ActiveCfg = Debug|Any CPU
		{54B99892-7A5E-4E6B-A907-E6DBF5D334F0}.Debug|Any CPU.Build.0 = Debug|Any CPU
		{54B99892-7A5E-4E6B-A907-E6DBF5D334F0}.Release|Any CPU.ActiveCfg = Release|Any CPU
		{54B99892-7A5E-4E6B-A907-E6DBF5D334F0}.Release|Any CPU.Build.0 = Release|Any CPU
		{9EBD8CAA-4258-448B-BCBF-5E833E38A25F}.Debug|Any CPU.ActiveCfg = Debug|Any CPU
		{9EBD8CAA-4258-448B-BCBF-5E833E38A25F}.Debug|Any CPU.Build.0 = Debug|Any CPU
		{9EBD8CAA-4258-448B-BCBF-5E833E38A25F}.Release|Any CPU.ActiveCfg = Release|Any CPU
		{9EBD8CAA-4258-448B-BCBF-5E833E38A25F}.Release|Any CPU.Build.0 = Release|Any CPU
	EndGlobalSection
	GlobalSection(SolutionProperties) = preSolution
		HideSolutionNode = FALSE
	EndGlobalSection
	GlobalSection(ExtensibilityGlobals) = postSolution
		SolutionGuid = {A3C02313-CEF8-4461-A3E7-FBDDA9465536}
	EndGlobalSection
EndGlobal
